
Microsoft Visual Studio Solution File, Format Version 12.00
# Visual Studio 2013
VisualStudioVersion = 12.0.30723.0
MinimumVisualStudioVersion = 10.0.40219.1
Project("{FAE04EC0-301F-11D3-BF4B-00C04F79EFBC}") = "Settings", "Network\Settings.csproj", "{1538B0F1-EAEC-468A-AC38-E635DB7B5C87}"
EndProject
Project("{FAE04EC0-301F-11D3-BF4B-00C04F79EFBC}") = "Main", "Main\Main.csproj", "{C804C6D7-50E4-43A4-B074-4B374717FABA}"
EndProject
Project("{FAE04EC0-301F-11D3-BF4B-00C04F79EFBC}") = "UnitTest", "UnitTest\UnitTest.csproj", "{55A7C5DD-1A1D-4878-9CC2-AAFEDC8C10EE}"
EndProject
Project("{FAE04EC0-301F-11D3-BF4B-00C04F79EFBC}") = "WpfApplicationTest", "WpfApplicationTest\WpfApplicationTest.csproj", "{1F0142A9-64A0-4B49-80EB-2747B83B780F}"
EndProject
Global
	GlobalSection(SolutionConfigurationPlatforms) = preSolution
		CD_ROM|Any CPU = CD_ROM|Any CPU
		Debug|Any CPU = Debug|Any CPU
		DVD-5|Any CPU = DVD-5|Any CPU
		Release|Any CPU = Release|Any CPU
		SingleImage|Any CPU = SingleImage|Any CPU
	EndGlobalSection
	GlobalSection(ProjectConfigurationPlatforms) = postSolution
		{1538B0F1-EAEC-468A-AC38-E635DB7B5C87}.CD_ROM|Any CPU.ActiveCfg = Release|Any CPU
		{1538B0F1-EAEC-468A-AC38-E635DB7B5C87}.CD_ROM|Any CPU.Build.0 = Release|Any CPU
		{1538B0F1-EAEC-468A-AC38-E635DB7B5C87}.Debug|Any CPU.ActiveCfg = Debug|Any CPU
		{1538B0F1-EAEC-468A-AC38-E635DB7B5C87}.Debug|Any CPU.Build.0 = Debug|Any CPU
		{1538B0F1-EAEC-468A-AC38-E635DB7B5C87}.DVD-5|Any CPU.ActiveCfg = Debug|Any CPU
		{1538B0F1-EAEC-468A-AC38-E635DB7B5C87}.DVD-5|Any CPU.Build.0 = Debug|Any CPU
		{1538B0F1-EAEC-468A-AC38-E635DB7B5C87}.Release|Any CPU.ActiveCfg = Release|Any CPU
		{1538B0F1-EAEC-468A-AC38-E635DB7B5C87}.Release|Any CPU.Build.0 = Release|Any CPU
		{1538B0F1-EAEC-468A-AC38-E635DB7B5C87}.SingleImage|Any CPU.ActiveCfg = Release|Any CPU
		{1538B0F1-EAEC-468A-AC38-E635DB7B5C87}.SingleImage|Any CPU.Build.0 = Release|Any CPU
		{C804C6D7-50E4-43A4-B074-4B374717FABA}.CD_ROM|Any CPU.ActiveCfg = Release|Any CPU
		{C804C6D7-50E4-43A4-B074-4B374717FABA}.CD_ROM|Any CPU.Build.0 = Release|Any CPU
		{C804C6D7-50E4-43A4-B074-4B374717FABA}.Debug|Any CPU.ActiveCfg = Debug|Any CPU
		{C804C6D7-50E4-43A4-B074-4B374717FABA}.Debug|Any CPU.Build.0 = Debug|Any CPU
		{C804C6D7-50E4-43A4-B074-4B374717FABA}.DVD-5|Any CPU.ActiveCfg = Debug|Any CPU
		{C804C6D7-50E4-43A4-B074-4B374717FABA}.DVD-5|Any CPU.Build.0 = Debug|Any CPU
		{C804C6D7-50E4-43A4-B074-4B374717FABA}.Release|Any CPU.ActiveCfg = Release|Any CPU
		{C804C6D7-50E4-43A4-B074-4B374717FABA}.Release|Any CPU.Build.0 = Release|Any CPU
		{C804C6D7-50E4-43A4-B074-4B374717FABA}.SingleImage|Any CPU.ActiveCfg = Release|Any CPU
		{C804C6D7-50E4-43A4-B074-4B374717FABA}.SingleImage|Any CPU.Build.0 = Release|Any CPU
		{55A7C5DD-1A1D-4878-9CC2-AAFEDC8C10EE}.CD_ROM|Any CPU.ActiveCfg = Release|Any CPU
		{55A7C5DD-1A1D-4878-9CC2-AAFEDC8C10EE}.CD_ROM|Any CPU.Build.0 = Release|Any CPU
		{55A7C5DD-1A1D-4878-9CC2-AAFEDC8C10EE}.Debug|Any CPU.ActiveCfg = Debug|Any CPU
		{55A7C5DD-1A1D-4878-9CC2-AAFEDC8C10EE}.Debug|Any CPU.Build.0 = Debug|Any CPU
		{55A7C5DD-1A1D-4878-9CC2-AAFEDC8C10EE}.DVD-5|Any CPU.ActiveCfg = Debug|Any CPU
		{55A7C5DD-1A1D-4878-9CC2-AAFEDC8C10EE}.DVD-5|Any CPU.Build.0 = Debug|Any CPU
		{55A7C5DD-1A1D-4878-9CC2-AAFEDC8C10EE}.Release|Any CPU.ActiveCfg = Release|Any CPU
		{55A7C5DD-1A1D-4878-9CC2-AAFEDC8C10EE}.Release|Any CPU.Build.0 = Release|Any CPU
		{55A7C5DD-1A1D-4878-9CC2-AAFEDC8C10EE}.SingleImage|Any CPU.ActiveCfg = Release|Any CPU
		{55A7C5DD-1A1D-4878-9CC2-AAFEDC8C10EE}.SingleImage|Any CPU.Build.0 = Release|Any CPU
		{1F0142A9-64A0-4B49-80EB-2747B83B780F}.CD_ROM|Any CPU.ActiveCfg = Release|Any CPU
		{1F0142A9-64A0-4B49-80EB-2747B83B780F}.CD_ROM|Any CPU.Build.0 = Release|Any CPU
		{1F0142A9-64A0-4B49-80EB-2747B83B780F}.Debug|Any CPU.ActiveCfg = Debug|Any CPU
		{1F0142A9-64A0-4B49-80EB-2747B83B780F}.Debug|Any CPU.Build.0 = Debug|Any CPU
		{1F0142A9-64A0-4B49-80EB-2747B83B780F}.DVD-5|Any CPU.ActiveCfg = Debug|Any CPU
		{1F0142A9-64A0-4B49-80EB-2747B83B780F}.DVD-5|Any CPU.Build.0 = Debug|Any CPU
		{1F0142A9-64A0-4B49-80EB-2747B83B780F}.Release|Any CPU.ActiveCfg = Release|Any CPU
		{1F0142A9-64A0-4B49-80EB-2747B83B780F}.Release|Any CPU.Build.0 = Release|Any CPU
		{1F0142A9-64A0-4B49-80EB-2747B83B780F}.SingleImage|Any CPU.ActiveCfg = Release|Any CPU
		{1F0142A9-64A0-4B49-80EB-2747B83B780F}.SingleImage|Any CPU.Build.0 = Release|Any CPU
	EndGlobalSection
	GlobalSection(SolutionProperties) = preSolution
		HideSolutionNode = FALSE
	EndGlobalSection
EndGlobal
